// !$*UTF8*$!
{
	archiveVersion = 1;
	classes = {
	};
	objectVersion = 52;
	objects = {

/* Begin PBXBuildFile section */
		1D39E6C325F16BF700938453 /* Alamofire in Frameworks */ = {isa = PBXBuildFile; productRef = 1D39E6C225F16BF700938453 /* Alamofire */; };
		1D39E6C625F16C1600938453 /* NetworkManager.swift in Sources */ = {isa = PBXBuildFile; fileRef = 1D39E6C525F16C1600938453 /* NetworkManager.swift */; };
		1D39E6C925F16D9E00938453 /* API.swift in Sources */ = {isa = PBXBuildFile; fileRef = 1D39E6C825F16D9E00938453 /* API.swift */; };
		1D39E6CC25F16DF100938453 /* MovieURL.swift in Sources */ = {isa = PBXBuildFile; fileRef = 1D39E6CB25F16DF100938453 /* MovieURL.swift */; };
		1D39E6CF25F16EBE00938453 /* MovieDownloadManager.swift in Sources */ = {isa = PBXBuildFile; fileRef = 1D39E6CE25F16EBE00938453 /* MovieDownloadManager.swift */; };
		1D39E6D225F1720B00938453 /* MovieReviewsManager.swift in Sources */ = {isa = PBXBuildFile; fileRef = 1D39E6D125F1720B00938453 /* MovieReviewsManager.swift */; };
		1DC9CC8425F10AEC005E7B67 /* MovieAppApp.swift in Sources */ = {isa = PBXBuildFile; fileRef = 1DC9CC8325F10AEC005E7B67 /* MovieAppApp.swift */; };
		1DC9CC8625F10AEC005E7B67 /* ContentView.swift in Sources */ = {isa = PBXBuildFile; fileRef = 1DC9CC8525F10AEC005E7B67 /* ContentView.swift */; };
		1DC9CC8825F10AF0005E7B67 /* Assets.xcassets in Resources */ = {isa = PBXBuildFile; fileRef = 1DC9CC8725F10AF0005E7B67 /* Assets.xcassets */; };
		1DC9CC8B25F10AF0005E7B67 /* Preview Assets.xcassets in Resources */ = {isa = PBXBuildFile; fileRef = 1DC9CC8A25F10AF0005E7B67 /* Preview Assets.xcassets */; };
		1DC9CC9825F10D48005E7B67 /* HomeTabView.swift in Sources */ = {isa = PBXBuildFile; fileRef = 1DC9CC9725F10D48005E7B67 /* HomeTabView.swift */; };
		1DC9CC9B25F11CCF005E7B67 /* SettingsView.swift in Sources */ = {isa = PBXBuildFile; fileRef = 1DC9CC9A25F11CCF005E7B67 /* SettingsView.swift */; };
		1DC9CC9E25F120B9005E7B67 /* MoviesView.swift in Sources */ = {isa = PBXBuildFile; fileRef = 1DC9CC9D25F120B9005E7B67 /* MoviesView.swift */; };
		1DC9CCA125F120C9005E7B67 /* DiscoverView.swift in Sources */ = {isa = PBXBuildFile; fileRef = 1DC9CCA025F120C9005E7B67 /* DiscoverView.swift */; };
		1DC9CCA425F13FD0005E7B67 /* Movie.swift in Sources */ = {isa = PBXBuildFile; fileRef = 1DC9CCA325F13FD0005E7B67 /* Movie.swift */; };
		1DC9CCA725F14879005E7B67 /* Cast.swift in Sources */ = {isa = PBXBuildFile; fileRef = 1DC9CCA625F14879005E7B67 /* Cast.swift */; };
		1DC9CCAA25F14945005E7B67 /* Review.swift in Sources */ = {isa = PBXBuildFile; fileRef = 1DC9CCA925F14945005E7B67 /* Review.swift */; };
/* End PBXBuildFile section */

/* Begin PBXFileReference section */
		1D39E6C525F16C1600938453 /* NetworkManager.swift */ = {isa = PBXFileReference; lastKnownFileType = sourcecode.swift; path = NetworkManager.swift; sourceTree = "<group>"; };
		1D39E6C825F16D9E00938453 /* API.swift */ = {isa = PBXFileReference; lastKnownFileType = sourcecode.swift; path = API.swift; sourceTree = "<group>"; };
		1D39E6CB25F16DF100938453 /* MovieURL.swift */ = {isa = PBXFileReference; lastKnownFileType = sourcecode.swift; path = MovieURL.swift; sourceTree = "<group>"; };
		1D39E6CE25F16EBE00938453 /* MovieDownloadManager.swift */ = {isa = PBXFileReference; lastKnownFileType = sourcecode.swift; path = MovieDownloadManager.swift; sourceTree = "<group>"; };
		1D39E6D125F1720B00938453 /* MovieReviewsManager.swift */ = {isa = PBXFileReference; lastKnownFileType = sourcecode.swift; path = MovieReviewsManager.swift; sourceTree = "<group>"; };
		1DC9CC8025F10AEC005E7B67 /* MovieApp.app */ = {isa = PBXFileReference; explicitFileType = wrapper.application; includeInIndex = 0; path = MovieApp.app; sourceTree = BUILT_PRODUCTS_DIR; };
		1DC9CC8325F10AEC005E7B67 /* MovieAppApp.swift */ = {isa = PBXFileReference; lastKnownFileType = sourcecode.swift; path = MovieAppApp.swift; sourceTree = "<group>"; };
		1DC9CC8525F10AEC005E7B67 /* ContentView.swift */ = {isa = PBXFileReference; lastKnownFileType = sourcecode.swift; path = ContentView.swift; sourceTree = "<group>"; };
		1DC9CC8725F10AF0005E7B67 /* Assets.xcassets */ = {isa = PBXFileReference; lastKnownFileType = folder.assetcatalog; path = Assets.xcassets; sourceTree = "<group>"; };
		1DC9CC8A25F10AF0005E7B67 /* Preview Assets.xcassets */ = {isa = PBXFileReference; lastKnownFileType = folder.assetcatalog; path = "Preview Assets.xcassets"; sourceTree = "<group>"; };
		1DC9CC8C25F10AF0005E7B67 /* Info.plist */ = {isa = PBXFileReference; lastKnownFileType = text.plist.xml; path = Info.plist; sourceTree = "<group>"; };
		1DC9CC9725F10D48005E7B67 /* HomeTabView.swift */ = {isa = PBXFileReference; lastKnownFileType = sourcecode.swift; path = HomeTabView.swift; sourceTree = "<group>"; };
		1DC9CC9A25F11CCF005E7B67 /* SettingsView.swift */ = {isa = PBXFileReference; lastKnownFileType = sourcecode.swift; path = SettingsView.swift; sourceTree = "<group>"; };
		1DC9CC9D25F120B9005E7B67 /* MoviesView.swift */ = {isa = PBXFileReference; lastKnownFileType = sourcecode.swift; path = MoviesView.swift; sourceTree = "<group>"; };
		1DC9CCA025F120C9005E7B67 /* DiscoverView.swift */ = {isa = PBXFileReference; lastKnownFileType = sourcecode.swift; path = DiscoverView.swift; sourceTree = "<group>"; };
		1DC9CCA325F13FD0005E7B67 /* Movie.swift */ = {isa = PBXFileReference; lastKnownFileType = sourcecode.swift; path = Movie.swift; sourceTree = "<group>"; };
		1DC9CCA625F14879005E7B67 /* Cast.swift */ = {isa = PBXFileReference; lastKnownFileType = sourcecode.swift; path = Cast.swift; sourceTree = "<group>"; };
		1DC9CCA925F14945005E7B67 /* Review.swift */ = {isa = PBXFileReference; lastKnownFileType = sourcecode.swift; path = Review.swift; sourceTree = "<group>"; };
/* End PBXFileReference section */

/* Begin PBXFrameworksBuildPhase section */
		1DC9CC7D25F10AEC005E7B67 /* Frameworks */ = {
			isa = PBXFrameworksBuildPhase;
			buildActionMask = 2147483647;
			files = (
				1D39E6C325F16BF700938453 /* Alamofire in Frameworks */,
			);
			runOnlyForDeploymentPostprocessing = 0;
		};
/* End PBXFrameworksBuildPhase section */

/* Begin PBXGroup section */
		1DC9CC7725F10AEC005E7B67 = {
			isa = PBXGroup;
			children = (
				1DC9CC8225F10AEC005E7B67 /* MovieApp */,
				1DC9CC8125F10AEC005E7B67 /* Products */,
			);
			sourceTree = "<group>";
		};
		1DC9CC8125F10AEC005E7B67 /* Products */ = {
			isa = PBXGroup;
			children = (
				1DC9CC8025F10AEC005E7B67 /* MovieApp.app */,
			);
			name = Products;
			sourceTree = "<group>";
		};
		1DC9CC8225F10AEC005E7B67 /* MovieApp */ = {
			isa = PBXGroup;
			children = (
				1DC9CC9625F10CFD005E7B67 /* Views */,
				1DC9CC9525F10CEF005E7B67 /* Models */,
				1DC9CC9425F10CCA005E7B67 /* Networking */,
				1DC9CC9325F10CB7005E7B67 /* AsyncImage */,
				1DC9CC8325F10AEC005E7B67 /* MovieAppApp.swift */,
				1DC9CC8525F10AEC005E7B67 /* ContentView.swift */,
				1DC9CC8725F10AF0005E7B67 /* Assets.xcassets */,
				1DC9CC8C25F10AF0005E7B67 /* Info.plist */,
				1DC9CC8925F10AF0005E7B67 /* Preview Content */,
			);
			path = MovieApp;
			sourceTree = "<group>";
		};
		1DC9CC8925F10AF0005E7B67 /* Preview Content */ = {
			isa = PBXGroup;
			children = (
				1DC9CC8A25F10AF0005E7B67 /* Preview Assets.xcassets */,
			);
			path = "Preview Content";
			sourceTree = "<group>";
		};
		1DC9CC9325F10CB7005E7B67 /* AsyncImage */ = {
			isa = PBXGroup;
			children = (
			);
			path = AsyncImage;
			sourceTree = "<group>";
		};
		1DC9CC9425F10CCA005E7B67 /* Networking */ = {
			isa = PBXGroup;
			children = (
				1D39E6C525F16C1600938453 /* NetworkManager.swift */,
				1D39E6C825F16D9E00938453 /* API.swift */,
				1D39E6CB25F16DF100938453 /* MovieURL.swift */,
				1D39E6CE25F16EBE00938453 /* MovieDownloadManager.swift */,
				1D39E6D125F1720B00938453 /* MovieReviewsManager.swift */,
			);
			path = Networking;
			sourceTree = "<group>";
		};
		1DC9CC9525F10CEF005E7B67 /* Models */ = {
			isa = PBXGroup;
			children = (
				1DC9CCA325F13FD0005E7B67 /* Movie.swift */,
				1DC9CCA625F14879005E7B67 /* Cast.swift */,
				1DC9CCA925F14945005E7B67 /* Review.swift */,
			);
			path = Models;
			sourceTree = "<group>";
		};
		1DC9CC9625F10CFD005E7B67 /* Views */ = {
			isa = PBXGroup;
			children = (
				1DC9CC9725F10D48005E7B67 /* HomeTabView.swift */,
				1DC9CC9A25F11CCF005E7B67 /* SettingsView.swift */,
				1DC9CC9D25F120B9005E7B67 /* MoviesView.swift */,
				1DC9CCA025F120C9005E7B67 /* DiscoverView.swift */,
			);
			path = Views;
			sourceTree = "<group>";
		};
/* End PBXGroup section */

/* Begin PBXNativeTarget section */
		1DC9CC7F25F10AEC005E7B67 /* MovieApp */ = {
			isa = PBXNativeTarget;
			buildConfigurationList = 1DC9CC8F25F10AF0005E7B67 /* Build configuration list for PBXNativeTarget "MovieApp" */;
			buildPhases = (
				1DC9CC7C25F10AEC005E7B67 /* Sources */,
				1DC9CC7D25F10AEC005E7B67 /* Frameworks */,
				1DC9CC7E25F10AEC005E7B67 /* Resources */,
			);
			buildRules = (
			);
			dependencies = (
			);
			name = MovieApp;
			packageProductDependencies = (
				1D39E6C225F16BF700938453 /* Alamofire */,
			);
			productName = MovieApp;
			productReference = 1DC9CC8025F10AEC005E7B67 /* MovieApp.app */;
			productType = "com.apple.product-type.application";
		};
/* End PBXNativeTarget section */

/* Begin PBXProject section */
		1DC9CC7825F10AEC005E7B67 /* Project object */ = {
			isa = PBXProject;
			attributes = {
				LastSwiftUpdateCheck = 1240;
				LastUpgradeCheck = 1240;
				TargetAttributes = {
					1DC9CC7F25F10AEC005E7B67 = {
						CreatedOnToolsVersion = 12.4;
					};
				};
			};
			buildConfigurationList = 1DC9CC7B25F10AEC005E7B67 /* Build configuration list for PBXProject "MovieApp" */;
			compatibilityVersion = "Xcode 9.3";
			developmentRegion = en;
			hasScannedForEncodings = 0;
			knownRegions = (
				en,
				Base,
			);
			mainGroup = 1DC9CC7725F10AEC005E7B67;
			packageReferences = (
				1D39E6C125F16BF700938453 /* XCRemoteSwiftPackageReference "Alamofire" */,
			);
			productRefGroup = 1DC9CC8125F10AEC005E7B67 /* Products */;
			projectDirPath = "";
			projectRoot = "";
			targets = (
				1DC9CC7F25F10AEC005E7B67 /* MovieApp */,
			);
		};
/* End PBXProject section */

/* Begin PBXResourcesBuildPhase section */
		1DC9CC7E25F10AEC005E7B67 /* Resources */ = {
			isa = PBXResourcesBuildPhase;
			buildActionMask = 2147483647;
			files = (
				1DC9CC8B25F10AF0005E7B67 /* Preview Assets.xcassets in Resources */,
				1DC9CC8825F10AF0005E7B67 /* Assets.xcassets in Resources */,
			);
			runOnlyForDeploymentPostprocessing = 0;
		};
/* End PBXResourcesBuildPhase section */

/* Begin PBXSourcesBuildPhase section */
		1DC9CC7C25F10AEC005E7B67 /* Sources */ = {
			isa = PBXSourcesBuildPhase;
			buildActionMask = 2147483647;
			files = (
				1D39E6C925F16D9E00938453 /* API.swift in Sources */,
				1DC9CCA725F14879005E7B67 /* Cast.swift in Sources */,
				1DC9CCA425F13FD0005E7B67 /* Movie.swift in Sources */,
				1D39E6C625F16C1600938453 /* NetworkManager.swift in Sources */,
				1DC9CCAA25F14945005E7B67 /* Review.swift in Sources */,
				1D39E6CF25F16EBE00938453 /* MovieDownloadManager.swift in Sources */,
				1DC9CC9E25F120B9005E7B67 /* MoviesView.swift in Sources */,
				1DC9CC9825F10D48005E7B67 /* HomeTabView.swift in Sources */,
				1D39E6D225F1720B00938453 /* MovieReviewsManager.swift in Sources */,
				1DC9CC9B25F11CCF005E7B67 /* SettingsView.swift in Sources */,
				1D39E6CC25F16DF100938453 /* MovieURL.swift in Sources */,
				1DC9CC8625F10AEC005E7B67 /* ContentView.swift in Sources */,
				1DC9CC8425F10AEC005E7B67 /* MovieAppApp.swift in Sources */,
				1DC9CCA125F120C9005E7B67 /* DiscoverView.swift in Sources */,
			);
			runOnlyForDeploymentPostprocessing = 0;
		};
/* End PBXSourcesBuildPhase section */

/* Begin XCBuildConfiguration section */
		1DC9CC8D25F10AF0005E7B67 /* Debug */ = {
			isa = XCBuildConfiguration;
			buildSettings = {
				ALWAYS_SEARCH_USER_PATHS = NO;
				CLANG_ANALYZER_NONNULL = YES;
				CLANG_ANALYZER_NUMBER_OBJECT_CONVERSION = YES_AGGRESSIVE;
				CLANG_CXX_LANGUAGE_STANDARD = "gnu++14";
				CLANG_CXX_LIBRARY = "libc++";
				CLANG_ENABLE_MODULES = YES;
				CLANG_ENABLE_OBJC_ARC = YES;
				CLANG_ENABLE_OBJC_WEAK = YES;
				CLANG_WARN_BLOCK_CAPTURE_AUTORELEASING = YES;
				CLANG_WARN_BOOL_CONVERSION = YES;
				CLANG_WARN_COMMA = YES;
				CLANG_WARN_CONSTANT_CONVERSION = YES;
				CLANG_WARN_DEPRECATED_OBJC_IMPLEMENTATIONS = YES;
				CLANG_WARN_DIRECT_OBJC_ISA_USAGE = YES_ERROR;
				CLANG_WARN_DOCUMENTATION_COMMENTS = YES;
				CLANG_WARN_EMPTY_BODY = YES;
				CLANG_WARN_ENUM_CONVERSION = YES;
				CLANG_WARN_INFINITE_RECURSION = YES;
				CLANG_WARN_INT_CONVERSION = YES;
				CLANG_WARN_NON_LITERAL_NULL_CONVERSION = YES;
				CLANG_WARN_OBJC_IMPLICIT_RETAIN_SELF = YES;
				CLANG_WARN_OBJC_LITERAL_CONVERSION = YES;
				CLANG_WARN_OBJC_ROOT_CLASS = YES_ERROR;
				CLANG_WARN_QUOTED_INCLUDE_IN_FRAMEWORK_HEADER = YES;
				CLANG_WARN_RANGE_LOOP_ANALYSIS = YES;
				CLANG_WARN_STRICT_PROTOTYPES = YES;
				CLANG_WARN_SUSPICIOUS_MOVE = YES;
				CLANG_WARN_UNGUARDED_AVAILABILITY = YES_AGGRESSIVE;
				CLANG_WARN_UNREACHABLE_CODE = YES;
				CLANG_WARN__DUPLICATE_METHOD_MATCH = YES;
				COPY_PHASE_STRIP = NO;
				DEBUG_INFORMATION_FORMAT = dwarf;
				ENABLE_STRICT_OBJC_MSGSEND = YES;
				ENABLE_TESTABILITY = YES;
				GCC_C_LANGUAGE_STANDARD = gnu11;
				GCC_DYNAMIC_NO_PIC = NO;
				GCC_NO_COMMON_BLOCKS = YES;
				GCC_OPTIMIZATION_LEVEL = 0;
				GCC_PREPROCESSOR_DEFINITIONS = (
					"DEBUG=1",
					"$(inherited)",
				);
				GCC_WARN_64_TO_32_BIT_CONVERSION = YES;
				GCC_WARN_ABOUT_RETURN_TYPE = YES_ERROR;
				GCC_WARN_UNDECLARED_SELECTOR = YES;
				GCC_WARN_UNINITIALIZED_AUTOS = YES_AGGRESSIVE;
				GCC_WARN_UNUSED_FUNCTION = YES;
				GCC_WARN_UNUSED_VARIABLE = YES;
				IPHONEOS_DEPLOYMENT_TARGET = 14.4;
				MTL_ENABLE_DEBUG_INFO = INCLUDE_SOURCE;
				MTL_FAST_MATH = YES;
				ONLY_ACTIVE_ARCH = YES;
				SDKROOT = iphoneos;
				SWIFT_ACTIVE_COMPILATION_CONDITIONS = DEBUG;
				SWIFT_OPTIMIZATION_LEVEL = "-Onone";
			};
			name = Debug;
		};
		1DC9CC8E25F10AF0005E7B67 /* Release */ = {
			isa = XCBuildConfiguration;
			buildSettings = {
				ALWAYS_SEARCH_USER_PATHS = NO;
				CLANG_ANALYZER_NONNULL = YES;
				CLANG_ANALYZER_NUMBER_OBJECT_CONVERSION = YES_AGGRESSIVE;
				CLANG_CXX_LANGUAGE_STANDARD = "gnu++14";
				CLANG_CXX_LIBRARY = "libc++";
				CLANG_ENABLE_MODULES = YES;
				CLANG_ENABLE_OBJC_ARC = YES;
				CLANG_ENABLE_OBJC_WEAK = YES;
				CLANG_WARN_BLOCK_CAPTURE_AUTORELEASING = YES;
				CLANG_WARN_BOOL_CONVERSION = YES;
				CLANG_WARN_COMMA = YES;
				CLANG_WARN_CONSTANT_CONVERSION = YES;
				CLANG_WARN_DEPRECATED_OBJC_IMPLEMENTATIONS = YES;
				CLANG_WARN_DIRECT_OBJC_ISA_USAGE = YES_ERROR;
				CLANG_WARN_DOCUMENTATION_COMMENTS = YES;
				CLANG_WARN_EMPTY_BODY = YES;
				CLANG_WARN_ENUM_CONVERSION = YES;
				CLANG_WARN_INFINITE_RECURSION = YES;
				CLANG_WARN_INT_CONVERSION = YES;
				CLANG_WARN_NON_LITERAL_NULL_CONVERSION = YES;
				CLANG_WARN_OBJC_IMPLICIT_RETAIN_SELF = YES;
				CLANG_WARN_OBJC_LITERAL_CONVERSION = YES;
				CLANG_WARN_OBJC_ROOT_CLASS = YES_ERROR;
				CLANG_WARN_QUOTED_INCLUDE_IN_FRAMEWORK_HEADER = YES;
				CLANG_WARN_RANGE_LOOP_ANALYSIS = YES;
				CLANG_WARN_STRICT_PROTOTYPES = YES;
				CLANG_WARN_SUSPICIOUS_MOVE = YES;
				CLANG_WARN_UNGUARDED_AVAILABILITY = YES_AGGRESSIVE;
				CLANG_WARN_UNREACHABLE_CODE = YES;
				CLANG_WARN__DUPLICATE_METHOD_MATCH = YES;
				COPY_PHASE_STRIP = NO;
				DEBUG_INFORMATION_FORMAT = "dwarf-with-dsym";
				ENABLE_NS_ASSERTIONS = NO;
				ENABLE_STRICT_OBJC_MSGSEND = YES;
				GCC_C_LANGUAGE_STANDARD = gnu11;
				GCC_NO_COMMON_BLOCKS = YES;
				GCC_WARN_64_TO_32_BIT_CONVERSION = YES;
				GCC_WARN_ABOUT_RETURN_TYPE = YES_ERROR;
				GCC_WARN_UNDECLARED_SELECTOR = YES;
				GCC_WARN_UNINITIALIZED_AUTOS = YES_AGGRESSIVE;
				GCC_WARN_UNUSED_FUNCTION = YES;
				GCC_WARN_UNUSED_VARIABLE = YES;
				IPHONEOS_DEPLOYMENT_TARGET = 14.4;
				MTL_ENABLE_DEBUG_INFO = NO;
				MTL_FAST_MATH = YES;
				SDKROOT = iphoneos;
				SWIFT_COMPILATION_MODE = wholemodule;
				SWIFT_OPTIMIZATION_LEVEL = "-O";
				VALIDATE_PRODUCT = YES;
			};
			name = Release;
		};
		1DC9CC9025F10AF0005E7B67 /* Debug */ = {
			isa = XCBuildConfiguration;
			buildSettings = {
				ASSETCATALOG_COMPILER_APPICON_NAME = AppIcon;
				ASSETCATALOG_COMPILER_GLOBAL_ACCENT_COLOR_NAME = AccentColor;
				CODE_SIGN_STYLE = Automatic;
				DEVELOPMENT_ASSET_PATHS = "\"MovieApp/Preview Content\"";
				ENABLE_PREVIEWS = YES;
				INFOPLIST_FILE = MovieApp/Info.plist;
				IPHONEOS_DEPLOYMENT_TARGET = 14.0;
				LD_RUNPATH_SEARCH_PATHS = (
					"$(inherited)",
					"@executable_path/Frameworks",
				);
				PRODUCT_BUNDLE_IDENTIFIER = com.ri.MovieApp;
				PRODUCT_NAME = "$(TARGET_NAME)";
				SWIFT_VERSION = 5.0;
				TARGETED_DEVICE_FAMILY = "1,2";
			};
			name = Debug;
		};
		1DC9CC9125F10AF0005E7B67 /* Release */ = {
			isa = XCBuildConfiguration;
			buildSettings = {
				ASSETCATALOG_COMPILER_APPICON_NAME = AppIcon;
				ASSETCATALOG_COMPILER_GLOBAL_ACCENT_COLOR_NAME = AccentColor;
				CODE_SIGN_STYLE = Automatic;
				DEVELOPMENT_ASSET_PATHS = "\"MovieApp/Preview Content\"";
				ENABLE_PREVIEWS = YES;
				INFOPLIST_FILE = MovieApp/Info.plist;
				IPHONEOS_DEPLOYMENT_TARGET = 14.0;
				LD_RUNPATH_SEARCH_PATHS = (
					"$(inherited)",
					"@executable_path/Frameworks",
				);
				PRODUCT_BUNDLE_IDENTIFIER = com.ri.MovieApp;
				PRODUCT_NAME = "$(TARGET_NAME)";
				SWIFT_VERSION = 5.0;
				TARGETED_DEVICE_FAMILY = "1,2";
			};
			name = Release;
		};
/* End XCBuildConfiguration section */

/* Begin XCConfigurationList section */
		1DC9CC7B25F10AEC005E7B67 /* Build configuration list for PBXProject "MovieApp" */ = {
			isa = XCConfigurationList;
			buildConfigurations = (
				1DC9CC8D25F10AF0005E7B67 /* Debug */,
				1DC9CC8E25F10AF0005E7B67 /* Release */,
			);
			defaultConfigurationIsVisible = 0;
			defaultConfigurationName = Release;
		};
		1DC9CC8F25F10AF0005E7B67 /* Build configuration list for PBXNativeTarget "MovieApp" */ = {
			isa = XCConfigurationList;
			buildConfigurations = (
				1DC9CC9025F10AF0005E7B67 /* Debug */,
				1DC9CC9125F10AF0005E7B67 /* Release */,
			);
			defaultConfigurationIsVisible = 0;
			defaultConfigurationName = Release;
		};
/* End XCConfigurationList section */

/* Begin XCRemoteSwiftPackageReference section */
		1D39E6C125F16BF700938453 /* XCRemoteSwiftPackageReference "Alamofire" */ = {
			isa = XCRemoteSwiftPackageReference;
			repositoryURL = "https://github.com/Alamofire/Alamofire.git";
			requirement = {
				kind = upToNextMajorVersion;
				minimumVersion = 5.4.1;
			};
		};
/* End XCRemoteSwiftPackageReference section */

/* Begin XCSwiftPackageProductDependency section */
		1D39E6C225F16BF700938453 /* Alamofire */ = {
			isa = XCSwiftPackageProductDependency;
			package = 1D39E6C125F16BF700938453 /* XCRemoteSwiftPackageReference "Alamofire" */;
			productName = Alamofire;
		};
/* End XCSwiftPackageProductDependency section */
	};
	rootObject = 1DC9CC7825F10AEC005E7B67 /* Project object */;
}
